Microsoft Visual Studio Solution File, Format Version 12.00
# Visual Studio Version 17
VisualStudioVersion = 17.5.2.0
MinimumVisualStudioVersion = 10.0.40219.1
Project("{2150E333-8FDC-42A3-9474-1A3956D46DE8}") = "module1", "module1", "{5EE45ACC-6F30-F549-7712-6812471CC54E}"
EndProject
Project("{FAE04EC0-301F-11D3-BF4B-00C04F79EFBC}") = "myFirstApp", "module1\myFirstApp\myFirstApp.csproj", "{F579F1E2-7505-B701-AFA3-60F6474E95D6}"
EndProject
Global
	GlobalSection(SolutionConfigurationPlatforms) = preSolution
		Debug|Any CPU = Debug|Any CPU
		Release|Any CPU = Release|Any CPU
	EndGlobalSection
	GlobalSection(ProjectConfigurationPlatforms) = postSolution
		{F579F1E2-7505-B701-AFA3-60F6474E95D6}.Debug|Any CPU.ActiveCfg = Debug|Any CPU
		{F579F1E2-7505-B701-AFA3-60F6474E95D6}.Debug|Any CPU.Build.0 = Debug|Any CPU
		{F579F1E2-7505-B701-AFA3-60F6474E95D6}.Release|Any CPU.ActiveCfg = Release|Any CPU
		{F579F1E2-7505-B701-AFA3-60F6474E95D6}.Release|Any CPU.Build.0 = Release|Any CPU
	EndGlobalSection
	GlobalSection(SolutionProperties) = preSolution
		HideSolutionNode = FALSE
	EndGlobalSection
	GlobalSection(NestedProjects) = preSolution
		{F579F1E2-7505-B701-AFA3-60F6474E95D6} = {5EE45ACC-6F30-F549-7712-6812471CC54E}
	EndGlobalSection
	GlobalSection(ExtensibilityGlobals) = postSolution
		SolutionGuid = {E7D8B80F-A953-4751-9DC8-C056E84E36E8}
	EndGlobalSection
EndGlobal
